
Microsoft Visual Studio Solution File, Format Version 12.00
# Visual Studio Version 17
VisualStudioVersion = 17.1.32319.34
MinimumVisualStudioVersion = 10.0.40219.1
Project("{FAE04EC0-301F-11D3-BF4B-00C04F79EFBC}") = "FETA", "FETA\FETA.csproj", "{ECE30F0C-B5D9-4766-BCFC-8B4A4D09CCE1}"
EndProject
Global
	GlobalSection(SolutionConfigurationPlatforms) = preSolution
		Debug|Any CPU = Debug|Any CPU
		Release|Any CPU = Release|Any CPU
	EndGlobalSection
	GlobalSection(ProjectConfigurationPlatforms) = postSolution
		{ECE30F0C-B5D9-4766-BCFC-8B4A4D09CCE1}.Debug|Any CPU.ActiveCfg = Debug|Any CPU
		{ECE30F0C-B5D9-4766-BCFC-8B4A4D09CCE1}.Debug|Any CPU.Build.0 = Debug|Any CPU
		{ECE30F0C-B5D9-4766-BCFC-8B4A4D09CCE1}.Release|Any CPU.ActiveCfg = Release|Any CPU
		{ECE30F0C-B5D9-4766-BCFC-8B4A4D09CCE1}.Release|Any CPU.Build.0 = Release|Any CPU
	EndGlobalSection
	GlobalSection(SolutionProperties) = preSolution
		HideSolutionNode = FALSE
	EndGlobalSection
	GlobalSection(ExtensibilityGlobals) = postSolution
		SolutionGuid = {A7CCED65-2A03-4EF5-8BCD-95E30F938A27}
	EndGlobalSection
EndGlobal
